
Microsoft Visual Studio Solution File, Format Version 12.00
# Visual Studio 15
VisualStudioVersion = 15.0.28307.168
MinimumVisualStudioVersion = 10.0.40219.1
Project("{FAE04EC0-301F-11D3-BF4B-00C04F79EFBC}") = "AFDEmp_IndividualProject_Messenger", "AFDEmp_IndividualProject_Messenger\AFDEmp_IndividualProject_Messenger.csproj", "{06D79C3A-47CB-41BF-B566-A66F108FE593}"
EndProject
Global
	GlobalSection(SolutionConfigurationPlatforms) = preSolution
		Debug|Any CPU = Debug|Any CPU
		Release|Any CPU = Release|Any CPU
	EndGlobalSection
	GlobalSection(ProjectConfigurationPlatforms) = postSolution
		{06D79C3A-47CB-41BF-B566-A66F108FE593}.Debug|Any CPU.ActiveCfg = Debug|Any CPU
		{06D79C3A-47CB-41BF-B566-A66F108FE593}.Debug|Any CPU.Build.0 = Debug|Any CPU
		{06D79C3A-47CB-41BF-B566-A66F108FE593}.Release|Any CPU.ActiveCfg = Release|Any CPU
		{06D79C3A-47CB-41BF-B566-A66F108FE593}.Release|Any CPU.Build.0 = Release|Any CPU
	EndGlobalSection
	GlobalSection(SolutionProperties) = preSolution
		HideSolutionNode = FALSE
	EndGlobalSection
	GlobalSection(ExtensibilityGlobals) = postSolution
		SolutionGuid = {424C8715-E393-4A0A-832E-6B6F3CAEFBA1}
	EndGlobalSection
EndGlobal
